
Microsoft Visual Studio Solution File, Format Version 12.00
# Visual Studio Version 17
VisualStudioVersion = 17.2.32526.322
MinimumVisualStudioVersion = 10.0.40219.1
Project("{FAE04EC0-301F-11D3-BF4B-00C04F79EFBC}") = "Sso_Test_Sms", "Sso_Test_Sms\Sso_Test_Sms.csproj", "{3F6A8C15-FC5C-4A6B-A6C6-2F1E3020FE95}"
EndProject
Global
	GlobalSection(SolutionConfigurationPlatforms) = preSolution
		Debug|Any CPU = Debug|Any CPU
		Release|Any CPU = Release|Any CPU
	EndGlobalSection
	GlobalSection(ProjectConfigurationPlatforms) = postSolution
		{3F6A8C15-FC5C-4A6B-A6C6-2F1E3020FE95}.Debug|Any CPU.ActiveCfg = Debug|Any CPU
		{3F6A8C15-FC5C-4A6B-A6C6-2F1E3020FE95}.Debug|Any CPU.Build.0 = Debug|Any CPU
		{3F6A8C15-FC5C-4A6B-A6C6-2F1E3020FE95}.Release|Any CPU.ActiveCfg = Release|Any CPU
		{3F6A8C15-FC5C-4A6B-A6C6-2F1E3020FE95}.Release|Any CPU.Build.0 = Release|Any CPU
	EndGlobalSection
	GlobalSection(SolutionProperties) = preSolution
		HideSolutionNode = FALSE
	EndGlobalSection
	GlobalSection(ExtensibilityGlobals) = postSolution
		SolutionGuid = {1CC69379-1BDF-4EA3-B0C3-C2710396DE59}
	EndGlobalSection
EndGlobal
